
Microsoft Visual Studio Solution File, Format Version 12.00
# Visual Studio Version 16
VisualStudioVersion = 16.0.30413.136
MinimumVisualStudioVersion = 10.0.40219.1
Project("{FAE04EC0-301F-11D3-BF4B-00C04F79EFBC}") = "crud", "crud\crud.csproj", "{240C9585-DD79-4EDA-93A9-7FA24EFE14C6}"
EndProject
Global
	GlobalSection(SolutionConfigurationPlatforms) = preSolution
		Debug|Any CPU = Debug|Any CPU
		Release|Any CPU = Release|Any CPU
	EndGlobalSection
	GlobalSection(ProjectConfigurationPlatforms) = postSolution
		{240C9585-DD79-4EDA-93A9-7FA24EFE14C6}.Debug|Any CPU.ActiveCfg = Debug|Any CPU
		{240C9585-DD79-4EDA-93A9-7FA24EFE14C6}.Debug|Any CPU.Build.0 = Debug|Any CPU
		{240C9585-DD79-4EDA-93A9-7FA24EFE14C6}.Release|Any CPU.ActiveCfg = Release|Any CPU
		{240C9585-DD79-4EDA-93A9-7FA24EFE14C6}.Release|Any CPU.Build.0 = Release|Any CPU
	EndGlobalSection
	GlobalSection(SolutionProperties) = preSolution
		HideSolutionNode = FALSE
	EndGlobalSection
	GlobalSection(ExtensibilityGlobals) = postSolution
		SolutionGuid = {561745B5-0927-4573-802E-6B7682EB511A}
	EndGlobalSection
EndGlobal
